
Microsoft Visual Studio Solution File, Format Version 12.00
# Visual Studio Version 17
VisualStudioVersion = 17.9.34723.18
MinimumVisualStudioVersion = 10.0.40219.1
Project("{FAE04EC0-301F-11D3-BF4B-00C04F79EFBC}") = "FormFelix", "FormFelix\FormFelix.csproj", "{FC35FF12-C1BB-42AF-9D80-08FECD0DFB82}"
EndProject
Global
	GlobalSection(SolutionConfigurationPlatforms) = preSolution
		Debug|Any CPU = Debug|Any CPU
		Release|Any CPU = Release|Any CPU
	EndGlobalSection
	GlobalSection(ProjectConfigurationPlatforms) = postSolution
		{FC35FF12-C1BB-42AF-9D80-08FECD0DFB82}.Debug|Any CPU.ActiveCfg = Debug|Any CPU
		{FC35FF12-C1BB-42AF-9D80-08FECD0DFB82}.Debug|Any CPU.Build.0 = Debug|Any CPU
		{FC35FF12-C1BB-42AF-9D80-08FECD0DFB82}.Release|Any CPU.ActiveCfg = Release|Any CPU
		{FC35FF12-C1BB-42AF-9D80-08FECD0DFB82}.Release|Any CPU.Build.0 = Release|Any CPU
	EndGlobalSection
	GlobalSection(SolutionProperties) = preSolution
		HideSolutionNode = FALSE
	EndGlobalSection
	GlobalSection(ExtensibilityGlobals) = postSolution
		SolutionGuid = {D42571DE-A8A3-4EC0-8A40-6486AE5ACBD8}
	EndGlobalSection
EndGlobal
